{
    "name": "inzynierka",
    "lockfileVersion": 3,
    "requires": true,
    "packages": {
        "": {
            "dependencies": {
                "eslint-plugin-prettier": "^5.1.3"
            },
            "devDependencies": {
                "prettier": "^3.3.2"
            }
        },
        "node_modules/@pkgr/core": {
            "version": "0.1.1",
            "resolved": "https://registry.npmjs.org/@pkgr/core/-/core-0.1.1.tgz",
            "integrity": "sha512-cq8o4cWH0ibXh9VGi5P20Tu9XF/0fFXl9EUinr9QfTM7a7p0oTA4iJRCQWppXR1Pg8dSM0UCItCkPwsk9qWWYA==",
            "engines": {
                "node": "^12.20.0 || ^14.18.0 || >=16.0.0"
            },
            "funding": {
                "url": "https://opencollective.com/unts"
            }
        },
        "node_modules/eslint-plugin-prettier": {
            "version": "5.1.3",
            "resolved": "https://registry.npmjs.org/eslint-plugin-prettier/-/eslint-plugin-prettier-5.1.3.tgz",
            "integrity": "sha512-C9GCVAs4Eq7ZC/XFQHITLiHJxQngdtraXaM+LoUFoFp/lHNl2Zn8f3WQbe9HvTBBQ9YnKFB0/2Ajdqwo5D1EAw==",
            "dependencies": {
                "prettier-linter-helpers": "^1.0.0",
                "synckit": "^0.8.6"
            },
            "engines": {
                "node": "^14.18.0 || >=16.0.0"
            },
            "funding": {
                "url": "https://opencollective.com/eslint-plugin-prettier"
            },
            "peerDependencies": {
                "@types/eslint": ">=8.0.0",
                "eslint": ">=8.0.0",
                "eslint-config-prettier": "*",
                "prettier": ">=3.0.0"
            },
            "peerDependenciesMeta": {
                "@types/eslint": {
                    "optional": true
                },
                "eslint-config-prettier": {
                    "optional": true
                }
            }
        },
        "node_modules/fast-diff": {
            "version": "1.3.0",
            "resolved": "https://registry.npmjs.org/fast-diff/-/fast-diff-1.3.0.tgz",
            "integrity": "sha512-VxPP4NqbUjj6MaAOafWeUn2cXWLcCtljklUtZf0Ind4XQ+QPtmA0b18zZy0jIQx+ExRVCR/ZQpBmik5lXshNsw=="
        },
        "node_modules/prettier": {
            "version": "3.3.2",
            "resolved": "https://registry.npmjs.org/prettier/-/prettier-3.3.2.tgz",
            "integrity": "sha512-rAVeHYMcv8ATV5d508CFdn+8/pHPpXeIid1DdrPwXnaAdH7cqjVbpJaT5eq4yRAFU/lsbwYwSF/n5iNrdJHPQA==",
            "dev": true,
            "bin": {
                "prettier": "bin/prettier.cjs"
            },
            "engines": {
                "node": ">=14"
            },
            "funding": {
                "url": "https://github.com/prettier/prettier?sponsor=1"
            }
        },
        "node_modules/prettier-linter-helpers": {
            "version": "1.0.0",
            "resolved": "https://registry.npmjs.org/prettier-linter-helpers/-/prettier-linter-helpers-1.0.0.tgz",
            "integrity": "sha512-GbK2cP9nraSSUF9N2XwUwqfzlAFlMNYYl+ShE/V+H8a9uNl/oUqB1w2EL54Jh0OlyRSd8RfWYJ3coVS4TROP2w==",
            "dependencies": {
                "fast-diff": "^1.1.2"
            },
            "engines": {
                "node": ">=6.0.0"
            }
        },
        "node_modules/synckit": {
            "version": "0.8.8",
            "resolved": "https://registry.npmjs.org/synckit/-/synckit-0.8.8.tgz",
            "integrity": "sha512-HwOKAP7Wc5aRGYdKH+dw0PRRpbO841v2DENBtjnR5HFWoiNByAl7vrx3p0G/rCyYXQsrxqtX48TImFtPcIHSpQ==",
            "dependencies": {
                "@pkgr/core": "^0.1.0",
                "tslib": "^2.6.2"
            },
            "engines": {
                "node": "^14.18.0 || >=16.0.0"
            },
            "funding": {
                "url": "https://opencollective.com/unts"
            }
        },
        "node_modules/tslib": {
            "version": "2.6.3",
            "resolved": "https://registry.npmjs.org/tslib/-/tslib-2.6.3.tgz",
            "integrity": "sha512-xNvxJEOUiWPGhUuUdQgAJPKOOJfGnIyKySOc09XkKsgdUV/3E2zvwZYdejjmRgPCgcym1juLH3226yA7sEFJKQ=="
        }
    }
}
